
Microsoft Visual Studio Solution File, Format Version 12.00
# Visual Studio Version 17
VisualStudioVersion = 17.5.002.0
MinimumVisualStudioVersion = 10.0.40219.1
Project("{9A19103F-16F7-4668-BE54-9A1E7A4F7556}") = "QuenteFrio", "QuenteFrio.csproj", "{85469796-80AF-4BE2-A0CB-66DD986A9678}"
EndProject
Global
	GlobalSection(SolutionConfigurationPlatforms) = preSolution
		Debug|Any CPU = Debug|Any CPU
		Release|Any CPU = Release|Any CPU
	EndGlobalSection
	GlobalSection(ProjectConfigurationPlatforms) = postSolution
		{85469796-80AF-4BE2-A0CB-66DD986A9678}.Debug|Any CPU.ActiveCfg = Debug|Any CPU
		{85469796-80AF-4BE2-A0CB-66DD986A9678}.Debug|Any CPU.Build.0 = Debug|Any CPU
		{85469796-80AF-4BE2-A0CB-66DD986A9678}.Release|Any CPU.ActiveCfg = Release|Any CPU
		{85469796-80AF-4BE2-A0CB-66DD986A9678}.Release|Any CPU.Build.0 = Release|Any CPU
	EndGlobalSection
	GlobalSection(SolutionProperties) = preSolution
		HideSolutionNode = FALSE
	EndGlobalSection
	GlobalSection(ExtensibilityGlobals) = postSolution
		SolutionGuid = {327D0AF3-6333-4775-9937-BB7AED160806}
	EndGlobalSection
EndGlobal
